// !$*UTF8*$!
{
	archiveVersion = 1;
	classes = {
	};
	objectVersion = 56;
	objects = {

/* Begin PBXBuildFile section */
		F4057D7D2C0F028400EA801B /* iosN_2171438_johaeriApp.swift in Sources */ = {isa = PBXBuildFile; fileRef = F4057D7C2C0F028400EA801B /* iosN_2171438_johaeriApp.swift */; };
		F4057D7F2C0F028400EA801B /* ContentView.swift in Sources */ = {isa = PBXBuildFile; fileRef = F4057D7E2C0F028400EA801B /* ContentView.swift */; };
		F4057D812C0F028900EA801B /* Assets.xcassets in Resources */ = {isa = PBXBuildFile; fileRef = F4057D802C0F028900EA801B /* Assets.xcassets */; };
		F4057D842C0F028900EA801B /* Preview Assets.xcassets in Resources */ = {isa = PBXBuildFile; fileRef = F4057D832C0F028900EA801B /* Preview Assets.xcassets */; };
		F4057DC82C0F078E00EA801B /* ImagePickerView in Frameworks */ = {isa = PBXBuildFile; productRef = F4057DC72C0F078E00EA801B /* ImagePickerView */; };
		F4057DCA2C0F07C700EA801B /* MyListView.swift in Sources */ = {isa = PBXBuildFile; fileRef = F4057DC92C0F07C700EA801B /* MyListView.swift */; };
		F4057DCE2C0F0BEB00EA801B /* EditFoodItemView.swift in Sources */ = {isa = PBXBuildFile; fileRef = F4057DCD2C0F0BEB00EA801B /* EditFoodItemView.swift */; };
		F40B3CAF2C19B15C008D2D7B /* CalendarView.swift in Sources */ = {isa = PBXBuildFile; fileRef = F40B3CAE2C19B15C008D2D7B /* CalendarView.swift */; };
		F4281B882C17012E00CB245A /* GoogleService-Info.plist in Resources */ = {isa = PBXBuildFile; fileRef = F4281B872C17012E00CB245A /* GoogleService-Info.plist */; };
		F4281B952C17108800CB245A /* RecipeDetailView.swift in Sources */ = {isa = PBXBuildFile; fileRef = F4281B942C17108800CB245A /* RecipeDetailView.swift */; };
		F442B91E2C105D7700DA98FD /* ImagePicker.swift in Sources */ = {isa = PBXBuildFile; fileRef = F442B91D2C105D7700DA98FD /* ImagePicker.swift */; };
		F442B9202C1064F500DA98FD /* RecipeRecommendationView.swift in Sources */ = {isa = PBXBuildFile; fileRef = F442B91F2C1064F500DA98FD /* RecipeRecommendationView.swift */; };
		F442B9222C106D7A00DA98FD /* RecipeData.swift in Sources */ = {isa = PBXBuildFile; fileRef = F442B9212C106D7A00DA98FD /* RecipeData.swift */; };
/* End PBXBuildFile section */

/* Begin PBXFileReference section */
		F4057D792C0F028400EA801B /* iosN_2171438_johaeri.app */ = {isa = PBXFileReference; explicitFileType = wrapper.application; includeInIndex = 0; path = iosN_2171438_johaeri.app; sourceTree = BUILT_PRODUCTS_DIR; };
		F4057D7C2C0F028400EA801B /* iosN_2171438_johaeriApp.swift */ = {isa = PBXFileReference; lastKnownFileType = sourcecode.swift; path = iosN_2171438_johaeriApp.swift; sourceTree = "<group>"; };
		F4057D7E2C0F028400EA801B /* ContentView.swift */ = {isa = PBXFileReference; lastKnownFileType = sourcecode.swift; path = ContentView.swift; sourceTree = "<group>"; };
		F4057D802C0F028900EA801B /* Assets.xcassets */ = {isa = PBXFileReference; lastKnownFileType = folder.assetcatalog; path = Assets.xcassets; sourceTree = "<group>"; };
		F4057D832C0F028900EA801B /* Preview Assets.xcassets */ = {isa = PBXFileReference; lastKnownFileType = folder.assetcatalog; path = "Preview Assets.xcassets"; sourceTree = "<group>"; };
		F4057DC92C0F07C700EA801B /* MyListView.swift */ = {isa = PBXFileReference; lastKnownFileType = sourcecode.swift; path = MyListView.swift; sourceTree = "<group>"; };
		F4057DCD2C0F0BEB00EA801B /* EditFoodItemView.swift */ = {isa = PBXFileReference; lastKnownFileType = sourcecode.swift; path = EditFoodItemView.swift; sourceTree = "<group>"; };
		F40B3CAE2C19B15C008D2D7B /* CalendarView.swift */ = {isa = PBXFileReference; lastKnownFileType = sourcecode.swift; path = CalendarView.swift; sourceTree = "<group>"; };
		F4281B872C17012E00CB245A /* GoogleService-Info.plist */ = {isa = PBXFileReference; fileEncoding = 4; lastKnownFileType = text.plist.xml; path = "GoogleService-Info.plist"; sourceTree = "<group>"; };
		F4281B942C17108800CB245A /* RecipeDetailView.swift */ = {isa = PBXFileReference; lastKnownFileType = sourcecode.swift; path = RecipeDetailView.swift; sourceTree = "<group>"; };
		F442B91D2C105D7700DA98FD /* ImagePicker.swift */ = {isa = PBXFileReference; lastKnownFileType = sourcecode.swift; path = ImagePicker.swift; sourceTree = "<group>"; };
		F442B91F2C1064F500DA98FD /* RecipeRecommendationView.swift */ = {isa = PBXFileReference; lastKnownFileType = sourcecode.swift; path = RecipeRecommendationView.swift; sourceTree = "<group>"; };
		F442B9212C106D7A00DA98FD /* RecipeData.swift */ = {isa = PBXFileReference; lastKnownFileType = sourcecode.swift; path = RecipeData.swift; sourceTree = "<group>"; };
/* End PBXFileReference section */

/* Begin PBXFrameworksBuildPhase section */
		F4057D762C0F028400EA801B /* Frameworks */ = {
			isa = PBXFrameworksBuildPhase;
			buildActionMask = 2147483647;
			files = (
				F4057DC82C0F078E00EA801B /* ImagePickerView in Frameworks */,
			);
			runOnlyForDeploymentPostprocessing = 0;
		};
/* End PBXFrameworksBuildPhase section */

/* Begin PBXGroup section */
		F4057D702C0F028400EA801B = {
			isa = PBXGroup;
			children = (
				F4057D7B2C0F028400EA801B /* iosN_2171438_johaeri */,
				F4057D7A2C0F028400EA801B /* Products */,
			);
			sourceTree = "<group>";
		};
		F4057D7A2C0F028400EA801B /* Products */ = {
			isa = PBXGroup;
			children = (
				F4057D792C0F028400EA801B /* iosN_2171438_johaeri.app */,
			);
			name = Products;
			sourceTree = "<group>";
		};
		F4057D7B2C0F028400EA801B /* iosN_2171438_johaeri */ = {
			isa = PBXGroup;
			children = (
				F4281B872C17012E00CB245A /* GoogleService-Info.plist */,
				F4057DC92C0F07C700EA801B /* MyListView.swift */,
				F4057DCD2C0F0BEB00EA801B /* EditFoodItemView.swift */,
				F4057D7C2C0F028400EA801B /* iosN_2171438_johaeriApp.swift */,
				F442B91D2C105D7700DA98FD /* ImagePicker.swift */,
				F4057D7E2C0F028400EA801B /* ContentView.swift */,
				F442B91F2C1064F500DA98FD /* RecipeRecommendationView.swift */,
				F442B9212C106D7A00DA98FD /* RecipeData.swift */,
				F4281B942C17108800CB245A /* RecipeDetailView.swift */,
				F40B3CAE2C19B15C008D2D7B /* CalendarView.swift */,
				F4057D802C0F028900EA801B /* Assets.xcassets */,
				F4057D822C0F028900EA801B /* Preview Content */,
			);
			path = iosN_2171438_johaeri;
			sourceTree = "<group>";
		};
		F4057D822C0F028900EA801B /* Preview Content */ = {
			isa = PBXGroup;
			children = (
				F4057D832C0F028900EA801B /* Preview Assets.xcassets */,
			);
			path = "Preview Content";
			sourceTree = "<group>";
		};
/* End PBXGroup section */

/* Begin PBXNativeTarget section */
		F4057D782C0F028400EA801B /* iosN_2171438_johaeri */ = {
			isa = PBXNativeTarget;
			buildConfigurationList = F4057D872C0F028900EA801B /* Build configuration list for PBXNativeTarget "iosN_2171438_johaeri" */;
			buildPhases = (
				F4057D752C0F028400EA801B /* Sources */,
				F4057D762C0F028400EA801B /* Frameworks */,
				F4057D772C0F028400EA801B /* Resources */,
			);
			buildRules = (
			);
			dependencies = (
			);
			name = iosN_2171438_johaeri;
			packageProductDependencies = (
				F4057DC72C0F078E00EA801B /* ImagePickerView */,
			);
			productName = iosN_2171438_johaeri;
			productReference = F4057D792C0F028400EA801B /* iosN_2171438_johaeri.app */;
			productType = "com.apple.product-type.application";
		};
/* End PBXNativeTarget section */

/* Begin PBXProject section */
		F4057D712C0F028400EA801B /* Project object */ = {
			isa = PBXProject;
			attributes = {
				BuildIndependentTargetsInParallel = 1;
				LastSwiftUpdateCheck = 1420;
				LastUpgradeCheck = 1420;
				TargetAttributes = {
					F4057D782C0F028400EA801B = {
						CreatedOnToolsVersion = 14.2;
					};
				};
			};
			buildConfigurationList = F4057D742C0F028400EA801B /* Build configuration list for PBXProject "iosN_2171438_johaeri" */;
			compatibilityVersion = "Xcode 14.0";
			developmentRegion = en;
			hasScannedForEncodings = 0;
			knownRegions = (
				en,
				Base,
			);
			mainGroup = F4057D702C0F028400EA801B;
			packageReferences = (
				F4057DC62C0F078E00EA801B /* XCRemoteSwiftPackageReference "ImagePickerView" */,
			);
			productRefGroup = F4057D7A2C0F028400EA801B /* Products */;
			projectDirPath = "";
			projectRoot = "";
			targets = (
				F4057D782C0F028400EA801B /* iosN_2171438_johaeri */,
			);
		};
/* End PBXProject section */

/* Begin PBXResourcesBuildPhase section */
		F4057D772C0F028400EA801B /* Resources */ = {
			isa = PBXResourcesBuildPhase;
			buildActionMask = 2147483647;
			files = (
				F4057D842C0F028900EA801B /* Preview Assets.xcassets in Resources */,
				F4057D812C0F028900EA801B /* Assets.xcassets in Resources */,
				F4281B882C17012E00CB245A /* GoogleService-Info.plist in Resources */,
			);
			runOnlyForDeploymentPostprocessing = 0;
		};
/* End PBXResourcesBuildPhase section */

/* Begin PBXSourcesBuildPhase section */
		F4057D752C0F028400EA801B /* Sources */ = {
			isa = PBXSourcesBuildPhase;
			buildActionMask = 2147483647;
			files = (
				F4057DCA2C0F07C700EA801B /* MyListView.swift in Sources */,
				F4057DCE2C0F0BEB00EA801B /* EditFoodItemView.swift in Sources */,
				F442B9222C106D7A00DA98FD /* RecipeData.swift in Sources */,
				F442B91E2C105D7700DA98FD /* ImagePicker.swift in Sources */,
				F442B9202C1064F500DA98FD /* RecipeRecommendationView.swift in Sources */,
				F4057D7F2C0F028400EA801B /* ContentView.swift in Sources */,
				F4057D7D2C0F028400EA801B /* iosN_2171438_johaeriApp.swift in Sources */,
				F4281B952C17108800CB245A /* RecipeDetailView.swift in Sources */,
				F40B3CAF2C19B15C008D2D7B /* CalendarView.swift in Sources */,
			);
			runOnlyForDeploymentPostprocessing = 0;
		};
/* End PBXSourcesBuildPhase section */

/* Begin XCBuildConfiguration section */
		F4057D852C0F028900EA801B /* Debug */ = {
			isa = XCBuildConfiguration;
			buildSettings = {
				ALWAYS_SEARCH_USER_PATHS = NO;
				CLANG_ANALYZER_NONNULL = YES;
				CLANG_ANALYZER_NUMBER_OBJECT_CONVERSION = YES_AGGRESSIVE;
				CLANG_CXX_LANGUAGE_STANDARD = "gnu++20";
				CLANG_ENABLE_MODULES = YES;
				CLANG_ENABLE_OBJC_ARC = YES;
				CLANG_ENABLE_OBJC_WEAK = YES;
				CLANG_WARN_BLOCK_CAPTURE_AUTORELEASING = YES;
				CLANG_WARN_BOOL_CONVERSION = YES;
				CLANG_WARN_COMMA = YES;
				CLANG_WARN_CONSTANT_CONVERSION = YES;
				CLANG_WARN_DEPRECATED_OBJC_IMPLEMENTATIONS = YES;
				CLANG_WARN_DIRECT_OBJC_ISA_USAGE = YES_ERROR;
				CLANG_WARN_DOCUMENTATION_COMMENTS = YES;
				CLANG_WARN_EMPTY_BODY = YES;
				CLANG_WARN_ENUM_CONVERSION = YES;
				CLANG_WARN_INFINITE_RECURSION = YES;
				CLANG_WARN_INT_CONVERSION = YES;
				CLANG_WARN_NON_LITERAL_NULL_CONVERSION = YES;
				CLANG_WARN_OBJC_IMPLICIT_RETAIN_SELF = YES;
				CLANG_WARN_OBJC_LITERAL_CONVERSION = YES;
				CLANG_WARN_OBJC_ROOT_CLASS = YES_ERROR;
				CLANG_WARN_QUOTED_INCLUDE_IN_FRAMEWORK_HEADER = YES;
				CLANG_WARN_RANGE_LOOP_ANALYSIS = YES;
				CLANG_WARN_STRICT_PROTOTYPES = YES;
				CLANG_WARN_SUSPICIOUS_MOVE = YES;
				CLANG_WARN_UNGUARDED_AVAILABILITY = YES_AGGRESSIVE;
				CLANG_WARN_UNREACHABLE_CODE = YES;
				CLANG_WARN__DUPLICATE_METHOD_MATCH = YES;
				COPY_PHASE_STRIP = NO;
				DEBUG_INFORMATION_FORMAT = "dwarf-with-dsym";
				ENABLE_STRICT_OBJC_MSGSEND = YES;
				ENABLE_TESTABILITY = YES;
				GCC_C_LANGUAGE_STANDARD = gnu11;
				GCC_DYNAMIC_NO_PIC = NO;
				GCC_NO_COMMON_BLOCKS = YES;
				GCC_OPTIMIZATION_LEVEL = 0;
				GCC_PREPROCESSOR_DEFINITIONS = (
					"DEBUG=1",
					"$(inherited)",
				);
				GCC_WARN_64_TO_32_BIT_CONVERSION = YES;
				GCC_WARN_ABOUT_RETURN_TYPE = YES_ERROR;
				GCC_WARN_UNDECLARED_SELECTOR = YES;
				GCC_WARN_UNINITIALIZED_AUTOS = YES_AGGRESSIVE;
				GCC_WARN_UNUSED_FUNCTION = YES;
				GCC_WARN_UNUSED_VARIABLE = YES;
				IPHONEOS_DEPLOYMENT_TARGET = 16.2;
				MTL_ENABLE_DEBUG_INFO = INCLUDE_SOURCE;
				MTL_FAST_MATH = YES;
				ONLY_ACTIVE_ARCH = YES;
				SDKROOT = iphoneos;
				SWIFT_ACTIVE_COMPILATION_CONDITIONS = DEBUG;
				SWIFT_OPTIMIZATION_LEVEL = "-Onone";
			};
			name = Debug;
		};
		F4057D862C0F028900EA801B /* Release */ = {
			isa = XCBuildConfiguration;
			buildSettings = {
				ALWAYS_SEARCH_USER_PATHS = NO;
				CLANG_ANALYZER_NONNULL = YES;
				CLANG_ANALYZER_NUMBER_OBJECT_CONVERSION = YES_AGGRESSIVE;
				CLANG_CXX_LANGUAGE_STANDARD = "gnu++20";
				CLANG_ENABLE_MODULES = YES;
				CLANG_ENABLE_OBJC_ARC = YES;
				CLANG_ENABLE_OBJC_WEAK = YES;
				CLANG_WARN_BLOCK_CAPTURE_AUTORELEASING = YES;
				CLANG_WARN_BOOL_CONVERSION = YES;
				CLANG_WARN_COMMA = YES;
				CLANG_WARN_CONSTANT_CONVERSION = YES;
				CLANG_WARN_DEPRECATED_OBJC_IMPLEMENTATIONS = YES;
				CLANG_WARN_DIRECT_OBJC_ISA_USAGE = YES_ERROR;
				CLANG_WARN_DOCUMENTATION_COMMENTS = YES;
				CLANG_WARN_EMPTY_BODY = YES;
				CLANG_WARN_ENUM_CONVERSION = YES;
				CLANG_WARN_INFINITE_RECURSION = YES;
				CLANG_WARN_INT_CONVERSION = YES;
				CLANG_WARN_NON_LITERAL_NULL_CONVERSION = YES;
				CLANG_WARN_OBJC_IMPLICIT_RETAIN_SELF = YES;
				CLANG_WARN_OBJC_LITERAL_CONVERSION = YES;
				CLANG_WARN_OBJC_ROOT_CLASS = YES_ERROR;
				CLANG_WARN_QUOTED_INCLUDE_IN_FRAMEWORK_HEADER = YES;
				CLANG_WARN_RANGE_LOOP_ANALYSIS = YES;
				CLANG_WARN_STRICT_PROTOTYPES = YES;
				CLANG_WARN_SUSPICIOUS_MOVE = YES;
				CLANG_WARN_UNGUARDED_AVAILABILITY = YES_AGGRESSIVE;
				CLANG_WARN_UNREACHABLE_CODE = YES;
				CLANG_WARN__DUPLICATE_METHOD_MATCH = YES;
				COPY_PHASE_STRIP = NO;
				DEBUG_INFORMATION_FORMAT = "dwarf-with-dsym";
				ENABLE_NS_ASSERTIONS = NO;
				ENABLE_STRICT_OBJC_MSGSEND = YES;
				GCC_C_LANGUAGE_STANDARD = gnu11;
				GCC_NO_COMMON_BLOCKS = YES;
				GCC_WARN_64_TO_32_BIT_CONVERSION = YES;
				GCC_WARN_ABOUT_RETURN_TYPE = YES_ERROR;
				GCC_WARN_UNDECLARED_SELECTOR = YES;
				GCC_WARN_UNINITIALIZED_AUTOS = YES_AGGRESSIVE;
				GCC_WARN_UNUSED_FUNCTION = YES;
				GCC_WARN_UNUSED_VARIABLE = YES;
				IPHONEOS_DEPLOYMENT_TARGET = 16.2;
				MTL_ENABLE_DEBUG_INFO = NO;
				MTL_FAST_MATH = YES;
				SDKROOT = iphoneos;
				SWIFT_COMPILATION_MODE = wholemodule;
				SWIFT_OPTIMIZATION_LEVEL = "-O";
				VALIDATE_PRODUCT = YES;
			};
			name = Release;
		};
		F4057D882C0F028900EA801B /* Debug */ = {
			isa = XCBuildConfiguration;
			buildSettings = {
				ASSETCATALOG_COMPILER_APPICON_NAME = AppIcon;
				ASSETCATALOG_COMPILER_GLOBAL_ACCENT_COLOR_NAME = AccentColor;
				CODE_SIGN_STYLE = Automatic;
				CURRENT_PROJECT_VERSION = 1;
				DEBUG_INFORMATION_FORMAT = dwarf;
				DEVELOPMENT_ASSET_PATHS = "\"iosN_2171438_johaeri/Preview Content\"";
				ENABLE_PREVIEWS = YES;
				GENERATE_INFOPLIST_FILE = YES;
				INFOPLIST_FILE = "iosN-2171438-johaeri-Info.plist";
				INFOPLIST_KEY_UIApplicationSceneManifest_Generation = YES;
				INFOPLIST_KEY_UIApplicationSupportsIndirectInputEvents = YES;
				INFOPLIST_KEY_UILaunchScreen_Generation = YES;
				INFOPLIST_KEY_UISupportedInterfaceOrientations_iPad = "UIInterfaceOrientationPortrait UIInterfaceOrientationPortraitUpsideDown UIInterfaceOrientationLandscapeLeft UIInterfaceOrientationLandscapeRight";
				INFOPLIST_KEY_UISupportedInterfaceOrientations_iPhone = "UIInterfaceOrientationPortrait UIInterfaceOrientationLandscapeLeft UIInterfaceOrientationLandscapeRight";
				LD_RUNPATH_SEARCH_PATHS = (
					"$(inherited)",
					"@executable_path/Frameworks",
				);
				MARKETING_VERSION = 1.0;
				PRODUCT_BUNDLE_IDENTIFIER = "-171438.johaeri.hansung.ac.kr.iosN-2171438-johaeri";
				PRODUCT_NAME = "$(TARGET_NAME)";
				SWIFT_EMIT_LOC_STRINGS = YES;
				SWIFT_VERSION = 5.0;
				TARGETED_DEVICE_FAMILY = "1,2";
			};
			name = Debug;
		};
		F4057D892C0F028900EA801B /* Release */ = {
			isa = XCBuildConfiguration;
			buildSettings = {
				ASSETCATALOG_COMPILER_APPICON_NAME = AppIcon;
				ASSETCATALOG_COMPILER_GLOBAL_ACCENT_COLOR_NAME = AccentColor;
				CODE_SIGN_STYLE = Automatic;
				CURRENT_PROJECT_VERSION = 1;
				DEBUG_INFORMATION_FORMAT = dwarf;
				DEVELOPMENT_ASSET_PATHS = "\"iosN_2171438_johaeri/Preview Content\"";
				ENABLE_PREVIEWS = YES;
				GENERATE_INFOPLIST_FILE = YES;
				INFOPLIST_FILE = "iosN-2171438-johaeri-Info.plist";
				INFOPLIST_KEY_UIApplicationSceneManifest_Generation = YES;
				INFOPLIST_KEY_UIApplicationSupportsIndirectInputEvents = YES;
				INFOPLIST_KEY_UILaunchScreen_Generation = YES;
				INFOPLIST_KEY_UISupportedInterfaceOrientations_iPad = "UIInterfaceOrientationPortrait UIInterfaceOrientationPortraitUpsideDown UIInterfaceOrientationLandscapeLeft UIInterfaceOrientationLandscapeRight";
				INFOPLIST_KEY_UISupportedInterfaceOrientations_iPhone = "UIInterfaceOrientationPortrait UIInterfaceOrientationLandscapeLeft UIInterfaceOrientationLandscapeRight";
				LD_RUNPATH_SEARCH_PATHS = (
					"$(inherited)",
					"@executable_path/Frameworks",
				);
				MARKETING_VERSION = 1.0;
				PRODUCT_BUNDLE_IDENTIFIER = "-171438.johaeri.hansung.ac.kr.iosN-2171438-johaeri";
				PRODUCT_NAME = "$(TARGET_NAME)";
				SWIFT_EMIT_LOC_STRINGS = YES;
				SWIFT_VERSION = 5.0;
				TARGETED_DEVICE_FAMILY = "1,2";
			};
			name = Release;
		};
/* End XCBuildConfiguration section */

/* Begin XCConfigurationList section */
		F4057D742C0F028400EA801B /* Build configuration list for PBXProject "iosN_2171438_johaeri" */ = {
			isa = XCConfigurationList;
			buildConfigurations = (
				F4057D852C0F028900EA801B /* Debug */,
				F4057D862C0F028900EA801B /* Release */,
			);
			defaultConfigurationIsVisible = 0;
			defaultConfigurationName = Release;
		};
		F4057D872C0F028900EA801B /* Build configuration list for PBXNativeTarget "iosN_2171438_johaeri" */ = {
			isa = XCConfigurationList;
			buildConfigurations = (
				F4057D882C0F028900EA801B /* Debug */,
				F4057D892C0F028900EA801B /* Release */,
			);
			defaultConfigurationIsVisible = 0;
			defaultConfigurationName = Release;
		};
/* End XCConfigurationList section */

/* Begin XCRemoteSwiftPackageReference section */
		F4057DC62C0F078E00EA801B /* XCRemoteSwiftPackageReference "ImagePickerView" */ = {
			isa = XCRemoteSwiftPackageReference;
			repositoryURL = "https://github.com/ralfebert/ImagePickerView";
			requirement = {
				branch = master;
				kind = branch;
			};
		};
/* End XCRemoteSwiftPackageReference section */

/* Begin XCSwiftPackageProductDependency section */
		F4057DC72C0F078E00EA801B /* ImagePickerView */ = {
			isa = XCSwiftPackageProductDependency;
			package = F4057DC62C0F078E00EA801B /* XCRemoteSwiftPackageReference "ImagePickerView" */;
			productName = ImagePickerView;
		};
/* End XCSwiftPackageProductDependency section */
	};
	rootObject = F4057D712C0F028400EA801B /* Project object */;
}
